
Microsoft Visual Studio Solution File, Format Version 12.00
# Visual Studio Version 17
VisualStudioVersion = 17.0.32126.317
MinimumVisualStudioVersion = 10.0.40219.1
Project("{FAE04EC0-301F-11D3-BF4B-00C04F79EFBC}") = "GestionFlux", "GestionFlux.csproj", "{5A642C5E-8078-45AB-B98C-AFD489420A40}"
EndProject
Project("{FAE04EC0-301F-11D3-BF4B-00C04F79EFBC}") = "GestionFlux.Domain", "GestionFlux.Domain\GestionFlux.Domain.csproj", "{45AD225A-46FA-4743-825C-482B06D9AA5B}"
EndProject
Project("{FAE04EC0-301F-11D3-BF4B-00C04F79EFBC}") = "GestionFlux.SMA", "GestionFlux.SMA\GestionFlux.SMA.csproj", "{87EC7994-20FA-42AC-9F7E-DF36E9A57858}"
EndProject
Global
	GlobalSection(SolutionConfigurationPlatforms) = preSolution
		Debug|Any CPU = Debug|Any CPU
		Release|Any CPU = Release|Any CPU
	EndGlobalSection
	GlobalSection(ProjectConfigurationPlatforms) = postSolution
		{5A642C5E-8078-45AB-B98C-AFD489420A40}.Debug|Any CPU.ActiveCfg = Debug|Any CPU
		{5A642C5E-8078-45AB-B98C-AFD489420A40}.Debug|Any CPU.Build.0 = Debug|Any CPU
		{5A642C5E-8078-45AB-B98C-AFD489420A40}.Release|Any CPU.ActiveCfg = Release|Any CPU
		{5A642C5E-8078-45AB-B98C-AFD489420A40}.Release|Any CPU.Build.0 = Release|Any CPU
		{45AD225A-46FA-4743-825C-482B06D9AA5B}.Debug|Any CPU.ActiveCfg = Debug|Any CPU
		{45AD225A-46FA-4743-825C-482B06D9AA5B}.Debug|Any CPU.Build.0 = Debug|Any CPU
		{45AD225A-46FA-4743-825C-482B06D9AA5B}.Release|Any CPU.ActiveCfg = Release|Any CPU
		{45AD225A-46FA-4743-825C-482B06D9AA5B}.Release|Any CPU.Build.0 = Release|Any CPU
		{87EC7994-20FA-42AC-9F7E-DF36E9A57858}.Debug|Any CPU.ActiveCfg = Debug|Any CPU
		{87EC7994-20FA-42AC-9F7E-DF36E9A57858}.Debug|Any CPU.Build.0 = Debug|Any CPU
		{87EC7994-20FA-42AC-9F7E-DF36E9A57858}.Release|Any CPU.ActiveCfg = Release|Any CPU
		{87EC7994-20FA-42AC-9F7E-DF36E9A57858}.Release|Any CPU.Build.0 = Release|Any CPU
	EndGlobalSection
	GlobalSection(SolutionProperties) = preSolution
		HideSolutionNode = FALSE
	EndGlobalSection
	GlobalSection(ExtensibilityGlobals) = postSolution
		SolutionGuid = {E9F619B6-BE5D-477C-A30F-429C3FE7BECB}
	EndGlobalSection
EndGlobal
